
Microsoft Visual Studio Solution File, Format Version 12.00
# Visual Studio Version 17
VisualStudioVersion = 17.9.34714.143
MinimumVisualStudioVersion = 10.0.40219.1
Project("{FAE04EC0-301F-11D3-BF4B-00C04F79EFBC}") = "Bookmarked.Server", "Bookmarked.Server\Bookmarked.Server.csproj", "{2C3F041F-34D9-478A-9A3F-CEE0A7F68833}"
EndProject
Project("{54A90642-561A-4BB1-A94E-469ADEE60C69}") = "bookmarked.client", "bookmarked.client\bookmarked.client.esproj", "{E424FEA8-DC2C-466B-B4F5-138E521DE729}"
EndProject
Project("{FAE04EC0-301F-11D3-BF4B-00C04F79EFBC}") = "Bookmarked.Tests", "Bookmarked.Tests\Bookmarked.Tests.csproj", "{9288C38A-1748-470D-85A4-309DD33BF809}"
EndProject
Global
	GlobalSection(SolutionConfigurationPlatforms) = preSolution
		Debug|Any CPU = Debug|Any CPU
		Release|Any CPU = Release|Any CPU
	EndGlobalSection
	GlobalSection(ProjectConfigurationPlatforms) = postSolution
		{2C3F041F-34D9-478A-9A3F-CEE0A7F68833}.Debug|Any CPU.ActiveCfg = Debug|Any CPU
		{2C3F041F-34D9-478A-9A3F-CEE0A7F68833}.Debug|Any CPU.Build.0 = Debug|Any CPU
		{2C3F041F-34D9-478A-9A3F-CEE0A7F68833}.Release|Any CPU.ActiveCfg = Release|Any CPU
		{2C3F041F-34D9-478A-9A3F-CEE0A7F68833}.Release|Any CPU.Build.0 = Release|Any CPU
		{E424FEA8-DC2C-466B-B4F5-138E521DE729}.Debug|Any CPU.ActiveCfg = Debug|Any CPU
		{E424FEA8-DC2C-466B-B4F5-138E521DE729}.Debug|Any CPU.Build.0 = Debug|Any CPU
		{E424FEA8-DC2C-466B-B4F5-138E521DE729}.Debug|Any CPU.Deploy.0 = Debug|Any CPU
		{E424FEA8-DC2C-466B-B4F5-138E521DE729}.Release|Any CPU.ActiveCfg = Release|Any CPU
		{E424FEA8-DC2C-466B-B4F5-138E521DE729}.Release|Any CPU.Build.0 = Release|Any CPU
		{E424FEA8-DC2C-466B-B4F5-138E521DE729}.Release|Any CPU.Deploy.0 = Release|Any CPU
		{9288C38A-1748-470D-85A4-309DD33BF809}.Debug|Any CPU.ActiveCfg = Debug|Any CPU
		{9288C38A-1748-470D-85A4-309DD33BF809}.Debug|Any CPU.Build.0 = Debug|Any CPU
		{9288C38A-1748-470D-85A4-309DD33BF809}.Release|Any CPU.ActiveCfg = Release|Any CPU
		{9288C38A-1748-470D-85A4-309DD33BF809}.Release|Any CPU.Build.0 = Release|Any CPU
	EndGlobalSection
	GlobalSection(SolutionProperties) = preSolution
		HideSolutionNode = FALSE
	EndGlobalSection
	GlobalSection(ExtensibilityGlobals) = postSolution
		SolutionGuid = {443732C5-74FA-4152-8CDF-B3A476F10078}
	EndGlobalSection
EndGlobal
